
Microsoft Visual Studio Solution File, Format Version 12.00
# Visual Studio Version 16
VisualStudioVersion = 16.0.31019.35
MinimumVisualStudioVersion = 10.0.40219.1
Project("{FAE04EC0-301F-11D3-BF4B-00C04F79EFBC}") = "MidAssignment01", "MidAssignment01\MidAssignment01.csproj", "{C4CC93E8-C8C0-422B-BF8B-0F33E8BF5513}"
EndProject
Global
	GlobalSection(SolutionConfigurationPlatforms) = preSolution
		Debug|Any CPU = Debug|Any CPU
		Release|Any CPU = Release|Any CPU
	EndGlobalSection
	GlobalSection(ProjectConfigurationPlatforms) = postSolution
		{C4CC93E8-C8C0-422B-BF8B-0F33E8BF5513}.Debug|Any CPU.ActiveCfg = Debug|Any CPU
		{C4CC93E8-C8C0-422B-BF8B-0F33E8BF5513}.Debug|Any CPU.Build.0 = Debug|Any CPU
		{C4CC93E8-C8C0-422B-BF8B-0F33E8BF5513}.Release|Any CPU.ActiveCfg = Release|Any CPU
		{C4CC93E8-C8C0-422B-BF8B-0F33E8BF5513}.Release|Any CPU.Build.0 = Release|Any CPU
	EndGlobalSection
	GlobalSection(SolutionProperties) = preSolution
		HideSolutionNode = FALSE
	EndGlobalSection
	GlobalSection(ExtensibilityGlobals) = postSolution
		SolutionGuid = {51AF0637-49B0-4CB2-8A96-6259E0659C82}
	EndGlobalSection
EndGlobal
